
Microsoft Visual Studio Solution File, Format Version 12.00
# Visual Studio Version 17
VisualStudioVersion = 17.0.32126.317
MinimumVisualStudioVersion = 10.0.40219.1
Project("{FAE04EC0-301F-11D3-BF4B-00C04F79EFBC}") = "ShopWebApi", "ShopWebApi\ShopWebApi.csproj", "{29BB5FFD-F65F-4571-BC2D-8CC56D092CB9}"
EndProject
Project("{2150E333-8FDC-42A3-9474-1A3956D46DE8}") = "Solution Items", "Solution Items", "{590889E3-6947-4830-9EE5-C0846BEF0AD4}"
	ProjectSection(SolutionItems) = preProject
		SQL.txt = SQL.txt
	EndProjectSection
EndProject
Project("{FAE04EC0-301F-11D3-BF4B-00C04F79EFBC}") = "DataLayer", "DataLayer\DataLayer.csproj", "{99DA8762-EFB0-433E-925B-11F082F516F3}"
EndProject
Project("{FAE04EC0-301F-11D3-BF4B-00C04F79EFBC}") = "ShopBusiness", "ShopBusiness\ShopBusiness.csproj", "{ED71EEBC-6D94-4761-AA2F-D6557DCF6C5D}"
EndProject
Global
	GlobalSection(SolutionConfigurationPlatforms) = preSolution
		Debug|Any CPU = Debug|Any CPU
		Release|Any CPU = Release|Any CPU
	EndGlobalSection
	GlobalSection(ProjectConfigurationPlatforms) = postSolution
		{29BB5FFD-F65F-4571-BC2D-8CC56D092CB9}.Debug|Any CPU.ActiveCfg = Debug|Any CPU
		{29BB5FFD-F65F-4571-BC2D-8CC56D092CB9}.Debug|Any CPU.Build.0 = Debug|Any CPU
		{29BB5FFD-F65F-4571-BC2D-8CC56D092CB9}.Release|Any CPU.ActiveCfg = Release|Any CPU
		{29BB5FFD-F65F-4571-BC2D-8CC56D092CB9}.Release|Any CPU.Build.0 = Release|Any CPU
		{99DA8762-EFB0-433E-925B-11F082F516F3}.Debug|Any CPU.ActiveCfg = Debug|Any CPU
		{99DA8762-EFB0-433E-925B-11F082F516F3}.Debug|Any CPU.Build.0 = Debug|Any CPU
		{99DA8762-EFB0-433E-925B-11F082F516F3}.Release|Any CPU.ActiveCfg = Release|Any CPU
		{99DA8762-EFB0-433E-925B-11F082F516F3}.Release|Any CPU.Build.0 = Release|Any CPU
		{ED71EEBC-6D94-4761-AA2F-D6557DCF6C5D}.Debug|Any CPU.ActiveCfg = Debug|Any CPU
		{ED71EEBC-6D94-4761-AA2F-D6557DCF6C5D}.Debug|Any CPU.Build.0 = Debug|Any CPU
		{ED71EEBC-6D94-4761-AA2F-D6557DCF6C5D}.Release|Any CPU.ActiveCfg = Release|Any CPU
		{ED71EEBC-6D94-4761-AA2F-D6557DCF6C5D}.Release|Any CPU.Build.0 = Release|Any CPU
	EndGlobalSection
	GlobalSection(SolutionProperties) = preSolution
		HideSolutionNode = FALSE
	EndGlobalSection
	GlobalSection(ExtensibilityGlobals) = postSolution
		SolutionGuid = {D1EA5762-774E-44A8-A14B-122388D8C73D}
	EndGlobalSection
EndGlobal
